
Microsoft Visual Studio Solution File, Format Version 12.00
# Visual Studio Version 16
VisualStudioVersion = 16.0.31702.278
MinimumVisualStudioVersion = 10.0.40219.1
Project("{9A19103F-16F7-4668-BE54-9A1E7A4F7556}") = "HackerRank", "HackerRank.csproj", "{52836495-7AFA-4C1D-9215-05E153802F11}"
EndProject
Project("{9A19103F-16F7-4668-BE54-9A1E7A4F7556}") = "Test", "..\Test\Test.csproj", "{754DAFA1-E69E-42FF-960E-40DAAD842B3A}"
EndProject
Global
	GlobalSection(SolutionConfigurationPlatforms) = preSolution
		Debug|Any CPU = Debug|Any CPU
		Release|Any CPU = Release|Any CPU
	EndGlobalSection
	GlobalSection(ProjectConfigurationPlatforms) = postSolution
		{52836495-7AFA-4C1D-9215-05E153802F11}.Debug|Any CPU.ActiveCfg = Debug|Any CPU
		{52836495-7AFA-4C1D-9215-05E153802F11}.Debug|Any CPU.Build.0 = Debug|Any CPU
		{52836495-7AFA-4C1D-9215-05E153802F11}.Release|Any CPU.ActiveCfg = Release|Any CPU
		{52836495-7AFA-4C1D-9215-05E153802F11}.Release|Any CPU.Build.0 = Release|Any CPU
		{754DAFA1-E69E-42FF-960E-40DAAD842B3A}.Debug|Any CPU.ActiveCfg = Debug|Any CPU
		{754DAFA1-E69E-42FF-960E-40DAAD842B3A}.Debug|Any CPU.Build.0 = Debug|Any CPU
		{754DAFA1-E69E-42FF-960E-40DAAD842B3A}.Release|Any CPU.ActiveCfg = Release|Any CPU
		{754DAFA1-E69E-42FF-960E-40DAAD842B3A}.Release|Any CPU.Build.0 = Release|Any CPU
	EndGlobalSection
	GlobalSection(SolutionProperties) = preSolution
		HideSolutionNode = FALSE
	EndGlobalSection
	GlobalSection(ExtensibilityGlobals) = postSolution
		SolutionGuid = {84714FF0-3D9E-417D-BBAA-793533DC736C}
	EndGlobalSection
EndGlobal
